
Microsoft Visual Studio Solution File, Format Version 12.00
# Visual Studio 2012
Project("{FAE04EC0-301F-11D3-BF4B-00C04F79EFBC}") = "A1_TetmeyerCaitlyn", "A1_TetmeyerCaitlyn\A1_TetmeyerCaitlyn.csproj", "{B98CB320-B3F3-48BE-A7AF-12C6AE99386E}"
EndProject
Global
	GlobalSection(SolutionConfigurationPlatforms) = preSolution
		Debug|x86 = Debug|x86
		Release|x86 = Release|x86
	EndGlobalSection
	GlobalSection(ProjectConfigurationPlatforms) = postSolution
		{B98CB320-B3F3-48BE-A7AF-12C6AE99386E}.Debug|x86.ActiveCfg = Debug|x86
		{B98CB320-B3F3-48BE-A7AF-12C6AE99386E}.Debug|x86.Build.0 = Debug|x86
		{B98CB320-B3F3-48BE-A7AF-12C6AE99386E}.Release|x86.ActiveCfg = Release|x86
		{B98CB320-B3F3-48BE-A7AF-12C6AE99386E}.Release|x86.Build.0 = Release|x86
	EndGlobalSection
EndGlobal
