
Microsoft Visual Studio Solution File, Format Version 12.00
# Visual Studio 15
VisualStudioVersion = 15.0.27004.2006
MinimumVisualStudioVersion = 10.0.40219.1
Project("{FAE04EC0-301F-11D3-BF4B-00C04F79EFBC}") = "RestaurantRater", "RestaurantRater\RestaurantRater.csproj", "{F305BC6A-1148-4A81-ACD0-FB321C92751E}"
EndProject
Global
	GlobalSection(SolutionConfigurationPlatforms) = preSolution
		Debug|Any CPU = Debug|Any CPU
		Release|Any CPU = Release|Any CPU
	EndGlobalSection
	GlobalSection(ProjectConfigurationPlatforms) = postSolution
		{F305BC6A-1148-4A81-ACD0-FB321C92751E}.Debug|Any CPU.ActiveCfg = Debug|Any CPU
		{F305BC6A-1148-4A81-ACD0-FB321C92751E}.Debug|Any CPU.Build.0 = Debug|Any CPU
		{F305BC6A-1148-4A81-ACD0-FB321C92751E}.Release|Any CPU.ActiveCfg = Release|Any CPU
		{F305BC6A-1148-4A81-ACD0-FB321C92751E}.Release|Any CPU.Build.0 = Release|Any CPU
	EndGlobalSection
	GlobalSection(SolutionProperties) = preSolution
		HideSolutionNode = FALSE
	EndGlobalSection
	GlobalSection(ExtensibilityGlobals) = postSolution
		SolutionGuid = {85F627B4-D33C-45CA-9F4C-0CD081BA7FCB}
	EndGlobalSection
EndGlobal
