
Microsoft Visual Studio Solution File, Format Version 12.00
# Visual Studio 2012
Project("{FAE04EC0-301F-11D3-BF4B-00C04F79EFBC}") = "strings", "strings.csproj", "{79522DB6-0A48-4FD9-8892-6115B85ACFBE}"
EndProject
Global
	GlobalSection(SolutionConfigurationPlatforms) = preSolution
		Debug|x86 = Debug|x86
		Release|x86 = Release|x86
	EndGlobalSection
	GlobalSection(ProjectConfigurationPlatforms) = postSolution
		{79522DB6-0A48-4FD9-8892-6115B85ACFBE}.Debug|x86.ActiveCfg = Debug|x86
		{79522DB6-0A48-4FD9-8892-6115B85ACFBE}.Debug|x86.Build.0 = Debug|x86
		{79522DB6-0A48-4FD9-8892-6115B85ACFBE}.Release|x86.ActiveCfg = Release|x86
		{79522DB6-0A48-4FD9-8892-6115B85ACFBE}.Release|x86.Build.0 = Release|x86
	EndGlobalSection
EndGlobal
